
Microsoft Visual Studio Solution File, Format Version 12.00
# Visual Studio Version 16
VisualStudioVersion = 16.0.32413.511
MinimumVisualStudioVersion = 10.0.40219.1
Project("{8BC9CEB8-8B4A-11D0-8D11-00A0C91BC942}") = "for_lab5", "for_lab5\for_lab5.vcxproj", "{3D4C3766-74BA-4775-8B6E-189B1D12F943}"
EndProject
Global
	GlobalSection(SolutionConfigurationPlatforms) = preSolution
		Debug|x64 = Debug|x64
		Debug|x86 = Debug|x86
		Release|x64 = Release|x64
		Release|x86 = Release|x86
	EndGlobalSection
	GlobalSection(ProjectConfigurationPlatforms) = postSolution
		{3D4C3766-74BA-4775-8B6E-189B1D12F943}.Debug|x64.ActiveCfg = Debug|x64
		{3D4C3766-74BA-4775-8B6E-189B1D12F943}.Debug|x64.Build.0 = Debug|x64
		{3D4C3766-74BA-4775-8B6E-189B1D12F943}.Debug|x86.ActiveCfg = Debug|Win32
		{3D4C3766-74BA-4775-8B6E-189B1D12F943}.Debug|x86.Build.0 = Debug|Win32
		{3D4C3766-74BA-4775-8B6E-189B1D12F943}.Release|x64.ActiveCfg = Release|x64
		{3D4C3766-74BA-4775-8B6E-189B1D12F943}.Release|x64.Build.0 = Release|x64
		{3D4C3766-74BA-4775-8B6E-189B1D12F943}.Release|x86.ActiveCfg = Release|Win32
		{3D4C3766-74BA-4775-8B6E-189B1D12F943}.Release|x86.Build.0 = Release|Win32
	EndGlobalSection
	GlobalSection(SolutionProperties) = preSolution
		HideSolutionNode = FALSE
	EndGlobalSection
	GlobalSection(ExtensibilityGlobals) = postSolution
		SolutionGuid = {C74BCF1A-B766-4A52-A11E-2E4C7C3A3BD8}
	EndGlobalSection
EndGlobal
